// !$*UTF8*$!
{
	archiveVersion = 1;
	classes = {
	};
	objectVersion = 56;
	objects = {

/* Begin PBXBuildFile section */
		CE501EE22A93670900F705C1 /* AppDelegate.swift in Sources */ = {isa = PBXBuildFile; fileRef = CE501EE12A93670900F705C1 /* AppDelegate.swift */; };
		CE501EE62A93670900F705C1 /* CharactersViewController.swift in Sources */ = {isa = PBXBuildFile; fileRef = CE501EE52A93670900F705C1 /* CharactersViewController.swift */; };
		CE501EEB2A93671000F705C1 /* Assets.xcassets in Resources */ = {isa = PBXBuildFile; fileRef = CE501EEA2A93671000F705C1 /* Assets.xcassets */; };
		CE501EEE2A93671000F705C1 /* LaunchScreen.storyboard in Resources */ = {isa = PBXBuildFile; fileRef = CE501EEC2A93671000F705C1 /* LaunchScreen.storyboard */; };
		CE501EF82A9370B500F705C1 /* CharactersView.swift in Sources */ = {isa = PBXBuildFile; fileRef = CE501EF72A9370B500F705C1 /* CharactersView.swift */; };
		CE501EFA2A93714F00F705C1 /* CharacterCardViewCell.swift in Sources */ = {isa = PBXBuildFile; fileRef = CE501EF92A93714F00F705C1 /* CharacterCardViewCell.swift */; };
		CE501EFC2A93723F00F705C1 /* UIFont+Extension.swift in Sources */ = {isa = PBXBuildFile; fileRef = CE501EFB2A93723F00F705C1 /* UIFont+Extension.swift */; };
		CE501EFE2A9372B200F705C1 /* Colors.xcassets in Resources */ = {isa = PBXBuildFile; fileRef = CE501EFD2A9372B200F705C1 /* Colors.xcassets */; };
		CE501F012A9372FD00F705C1 /* UIColor+Extension.swift in Sources */ = {isa = PBXBuildFile; fileRef = CE501F002A9372FD00F705C1 /* UIColor+Extension.swift */; };
		CE501F032A93735900F705C1 /* UICollectionView+Extension.swift in Sources */ = {isa = PBXBuildFile; fileRef = CE501F022A93735900F705C1 /* UICollectionView+Extension.swift */; };
		CE501F072A9383FB00F705C1 /* CustomNavigationController.swift in Sources */ = {isa = PBXBuildFile; fileRef = CE501F062A9383FB00F705C1 /* CustomNavigationController.swift */; };
		CE501F0A2A93898500F705C1 /* CharacterModel.swift in Sources */ = {isa = PBXBuildFile; fileRef = CE501F092A93898500F705C1 /* CharacterModel.swift */; };
		CE501F0D2A938AEE00F705C1 /* NetworkRequest.swift in Sources */ = {isa = PBXBuildFile; fileRef = CE501F0C2A938AEE00F705C1 /* NetworkRequest.swift */; };
		CE501F0F2A938B0400F705C1 /* NetworkEndpoint.swift in Sources */ = {isa = PBXBuildFile; fileRef = CE501F0E2A938B0400F705C1 /* NetworkEndpoint.swift */; };
		CE501F112A938B1600F705C1 /* NetworkService.swift in Sources */ = {isa = PBXBuildFile; fileRef = CE501F102A938B1600F705C1 /* NetworkService.swift */; };
		CE501F132A939AD600F705C1 /* GetAllCharactersRequest.swift in Sources */ = {isa = PBXBuildFile; fileRef = CE501F122A939AD600F705C1 /* GetAllCharactersRequest.swift */; };
		CE501F182A93B08300F705C1 /* CharacterDetailsView.swift in Sources */ = {isa = PBXBuildFile; fileRef = CE501F172A93B08300F705C1 /* CharacterDetailsView.swift */; };
		CE501F1A2A93B09200F705C1 /* CharacterDetailsViewController.swift in Sources */ = {isa = PBXBuildFile; fileRef = CE501F192A93B09200F705C1 /* CharacterDetailsViewController.swift */; };
		CE501F1D2A93B3E700F705C1 /* MainDetailsViewCell.swift in Sources */ = {isa = PBXBuildFile; fileRef = CE501F1C2A93B3E700F705C1 /* MainDetailsViewCell.swift */; };
		CE501F1F2A93B3F600F705C1 /* InfoDetailsViewCell.swift in Sources */ = {isa = PBXBuildFile; fileRef = CE501F1E2A93B3F600F705C1 /* InfoDetailsViewCell.swift */; };
		CE501F212A93B40600F705C1 /* OriginDetailsViewCell.swift in Sources */ = {isa = PBXBuildFile; fileRef = CE501F202A93B40600F705C1 /* OriginDetailsViewCell.swift */; };
		CE501F232A93B41400F705C1 /* EpisodesDetailsViewCell.swift in Sources */ = {isa = PBXBuildFile; fileRef = CE501F222A93B41400F705C1 /* EpisodesDetailsViewCell.swift */; };
		CE501F262A93B7CD00F705C1 /* TwoLabelsView.swift in Sources */ = {isa = PBXBuildFile; fileRef = CE501F252A93B7CD00F705C1 /* TwoLabelsView.swift */; };
		CEDB3FD62A93D7B200338AE3 /* SectionHeader.swift in Sources */ = {isa = PBXBuildFile; fileRef = CEDB3FD52A93D7B200338AE3 /* SectionHeader.swift */; };
		CEDB3FD82A9407EB00338AE3 /* ImageManager.swift in Sources */ = {isa = PBXBuildFile; fileRef = CEDB3FD72A9407EB00338AE3 /* ImageManager.swift */; };
		CEDB3FDB2A9408A600338AE3 /* MainDetailsViewCellModel.swift in Sources */ = {isa = PBXBuildFile; fileRef = CEDB3FDA2A9408A600338AE3 /* MainDetailsViewCellModel.swift */; };
		CEDB3FDD2A940B0B00338AE3 /* CharacterCardViewCellModel.swift in Sources */ = {isa = PBXBuildFile; fileRef = CEDB3FDC2A940B0B00338AE3 /* CharacterCardViewCellModel.swift */; };
		CEDB3FE02A940E6F00338AE3 /* OriginModel.swift in Sources */ = {isa = PBXBuildFile; fileRef = CEDB3FDF2A940E6F00338AE3 /* OriginModel.swift */; };
		CEDB3FE22A940E8900338AE3 /* EpisodeModel.swift in Sources */ = {isa = PBXBuildFile; fileRef = CEDB3FE12A940E8900338AE3 /* EpisodeModel.swift */; };
/* End PBXBuildFile section */

/* Begin PBXFileReference section */
		CE501EDE2A93670900F705C1 /* R&M_TestTask.app */ = {isa = PBXFileReference; explicitFileType = wrapper.application; includeInIndex = 0; path = "R&M_TestTask.app"; sourceTree = BUILT_PRODUCTS_DIR; };
		CE501EE12A93670900F705C1 /* AppDelegate.swift */ = {isa = PBXFileReference; lastKnownFileType = sourcecode.swift; path = AppDelegate.swift; sourceTree = "<group>"; };
		CE501EE52A93670900F705C1 /* CharactersViewController.swift */ = {isa = PBXFileReference; lastKnownFileType = sourcecode.swift; path = CharactersViewController.swift; sourceTree = "<group>"; };
		CE501EEA2A93671000F705C1 /* Assets.xcassets */ = {isa = PBXFileReference; lastKnownFileType = folder.assetcatalog; path = Assets.xcassets; sourceTree = "<group>"; };
		CE501EED2A93671000F705C1 /* Base */ = {isa = PBXFileReference; lastKnownFileType = file.storyboard; name = Base; path = Base.lproj/LaunchScreen.storyboard; sourceTree = "<group>"; };
		CE501EEF2A93671000F705C1 /* Info.plist */ = {isa = PBXFileReference; lastKnownFileType = text.plist.xml; path = Info.plist; sourceTree = "<group>"; };
		CE501EF72A9370B500F705C1 /* CharactersView.swift */ = {isa = PBXFileReference; lastKnownFileType = sourcecode.swift; path = CharactersView.swift; sourceTree = "<group>"; };
		CE501EF92A93714F00F705C1 /* CharacterCardViewCell.swift */ = {isa = PBXFileReference; lastKnownFileType = sourcecode.swift; path = CharacterCardViewCell.swift; sourceTree = "<group>"; };
		CE501EFB2A93723F00F705C1 /* UIFont+Extension.swift */ = {isa = PBXFileReference; lastKnownFileType = sourcecode.swift; path = "UIFont+Extension.swift"; sourceTree = "<group>"; };
		CE501EFD2A9372B200F705C1 /* Colors.xcassets */ = {isa = PBXFileReference; lastKnownFileType = folder.assetcatalog; path = Colors.xcassets; sourceTree = "<group>"; };
		CE501F002A9372FD00F705C1 /* UIColor+Extension.swift */ = {isa = PBXFileReference; lastKnownFileType = sourcecode.swift; path = "UIColor+Extension.swift"; sourceTree = "<group>"; };
		CE501F022A93735900F705C1 /* UICollectionView+Extension.swift */ = {isa = PBXFileReference; lastKnownFileType = sourcecode.swift; path = "UICollectionView+Extension.swift"; sourceTree = "<group>"; };
		CE501F062A9383FB00F705C1 /* CustomNavigationController.swift */ = {isa = PBXFileReference; lastKnownFileType = sourcecode.swift; path = CustomNavigationController.swift; sourceTree = "<group>"; };
		CE501F092A93898500F705C1 /* CharacterModel.swift */ = {isa = PBXFileReference; lastKnownFileType = sourcecode.swift; path = CharacterModel.swift; sourceTree = "<group>"; };
		CE501F0C2A938AEE00F705C1 /* NetworkRequest.swift */ = {isa = PBXFileReference; lastKnownFileType = sourcecode.swift; path = NetworkRequest.swift; sourceTree = "<group>"; };
		CE501F0E2A938B0400F705C1 /* NetworkEndpoint.swift */ = {isa = PBXFileReference; lastKnownFileType = sourcecode.swift; path = NetworkEndpoint.swift; sourceTree = "<group>"; };
		CE501F102A938B1600F705C1 /* NetworkService.swift */ = {isa = PBXFileReference; lastKnownFileType = sourcecode.swift; path = NetworkService.swift; sourceTree = "<group>"; };
		CE501F122A939AD600F705C1 /* GetAllCharactersRequest.swift */ = {isa = PBXFileReference; lastKnownFileType = sourcecode.swift; path = GetAllCharactersRequest.swift; sourceTree = "<group>"; };
		CE501F172A93B08300F705C1 /* CharacterDetailsView.swift */ = {isa = PBXFileReference; lastKnownFileType = sourcecode.swift; path = CharacterDetailsView.swift; sourceTree = "<group>"; };
		CE501F192A93B09200F705C1 /* CharacterDetailsViewController.swift */ = {isa = PBXFileReference; lastKnownFileType = sourcecode.swift; path = CharacterDetailsViewController.swift; sourceTree = "<group>"; };
		CE501F1C2A93B3E700F705C1 /* MainDetailsViewCell.swift */ = {isa = PBXFileReference; lastKnownFileType = sourcecode.swift; path = MainDetailsViewCell.swift; sourceTree = "<group>"; };
		CE501F1E2A93B3F600F705C1 /* InfoDetailsViewCell.swift */ = {isa = PBXFileReference; lastKnownFileType = sourcecode.swift; path = InfoDetailsViewCell.swift; sourceTree = "<group>"; };
		CE501F202A93B40600F705C1 /* OriginDetailsViewCell.swift */ = {isa = PBXFileReference; lastKnownFileType = sourcecode.swift; path = OriginDetailsViewCell.swift; sourceTree = "<group>"; };
		CE501F222A93B41400F705C1 /* EpisodesDetailsViewCell.swift */ = {isa = PBXFileReference; lastKnownFileType = sourcecode.swift; path = EpisodesDetailsViewCell.swift; sourceTree = "<group>"; };
		CE501F252A93B7CD00F705C1 /* TwoLabelsView.swift */ = {isa = PBXFileReference; lastKnownFileType = sourcecode.swift; path = TwoLabelsView.swift; sourceTree = "<group>"; };
		CEDB3FD52A93D7B200338AE3 /* SectionHeader.swift */ = {isa = PBXFileReference; lastKnownFileType = sourcecode.swift; path = SectionHeader.swift; sourceTree = "<group>"; };
		CEDB3FD72A9407EB00338AE3 /* ImageManager.swift */ = {isa = PBXFileReference; lastKnownFileType = sourcecode.swift; path = ImageManager.swift; sourceTree = "<group>"; };
		CEDB3FDA2A9408A600338AE3 /* MainDetailsViewCellModel.swift */ = {isa = PBXFileReference; lastKnownFileType = sourcecode.swift; path = MainDetailsViewCellModel.swift; sourceTree = "<group>"; };
		CEDB3FDC2A940B0B00338AE3 /* CharacterCardViewCellModel.swift */ = {isa = PBXFileReference; lastKnownFileType = sourcecode.swift; path = CharacterCardViewCellModel.swift; sourceTree = "<group>"; };
		CEDB3FDF2A940E6F00338AE3 /* OriginModel.swift */ = {isa = PBXFileReference; lastKnownFileType = sourcecode.swift; path = OriginModel.swift; sourceTree = "<group>"; };
		CEDB3FE12A940E8900338AE3 /* EpisodeModel.swift */ = {isa = PBXFileReference; lastKnownFileType = sourcecode.swift; path = EpisodeModel.swift; sourceTree = "<group>"; };
/* End PBXFileReference section */

/* Begin PBXFrameworksBuildPhase section */
		CE501EDB2A93670900F705C1 /* Frameworks */ = {
			isa = PBXFrameworksBuildPhase;
			buildActionMask = 2147483647;
			files = (
			);
			runOnlyForDeploymentPostprocessing = 0;
		};
/* End PBXFrameworksBuildPhase section */

/* Begin PBXGroup section */
		CE501ED52A93670900F705C1 = {
			isa = PBXGroup;
			children = (
				CE501EE02A93670900F705C1 /* R&M_TestTask */,
				CE501EDF2A93670900F705C1 /* Products */,
			);
			sourceTree = "<group>";
		};
		CE501EDF2A93670900F705C1 /* Products */ = {
			isa = PBXGroup;
			children = (
				CE501EDE2A93670900F705C1 /* R&M_TestTask.app */,
			);
			name = Products;
			sourceTree = "<group>";
		};
		CE501EE02A93670900F705C1 /* R&M_TestTask */ = {
			isa = PBXGroup;
			children = (
				CE501EE12A93670900F705C1 /* AppDelegate.swift */,
				CE501F242A93B7BB00F705C1 /* CustomUIElements */,
				CE501F162A93B03B00F705C1 /* CharacterDetailsModule */,
				CE501F142A93AC7F00F705C1 /* CharacterModule */,
				CE501F0B2A938ADC00F705C1 /* Network */,
				CE501F082A93897100F705C1 /* Models */,
				CEDB3FD92A94082700338AE3 /* Helpers */,
				CE501EFF2A9372E000F705C1 /* Extensions */,
				CE501EEA2A93671000F705C1 /* Assets.xcassets */,
				CE501EFD2A9372B200F705C1 /* Colors.xcassets */,
				CE501EEC2A93671000F705C1 /* LaunchScreen.storyboard */,
				CE501EEF2A93671000F705C1 /* Info.plist */,
			);
			path = "R&M_TestTask";
			sourceTree = "<group>";
		};
		CE501EFF2A9372E000F705C1 /* Extensions */ = {
			isa = PBXGroup;
			children = (
				CE501EFB2A93723F00F705C1 /* UIFont+Extension.swift */,
				CE501F002A9372FD00F705C1 /* UIColor+Extension.swift */,
				CE501F022A93735900F705C1 /* UICollectionView+Extension.swift */,
			);
			path = Extensions;
			sourceTree = "<group>";
		};
		CE501F082A93897100F705C1 /* Models */ = {
			isa = PBXGroup;
			children = (
				CE501F092A93898500F705C1 /* CharacterModel.swift */,
				CEDB3FDF2A940E6F00338AE3 /* OriginModel.swift */,
				CEDB3FDA2A9408A600338AE3 /* MainDetailsViewCellModel.swift */,
				CEDB3FE12A940E8900338AE3 /* EpisodeModel.swift */,
				CEDB3FDC2A940B0B00338AE3 /* CharacterCardViewCellModel.swift */,
				CEDB3FDE2A940B2C00338AE3 /* Requests */,
			);
			path = Models;
			sourceTree = "<group>";
		};
		CE501F0B2A938ADC00F705C1 /* Network */ = {
			isa = PBXGroup;
			children = (
				CE501F0C2A938AEE00F705C1 /* NetworkRequest.swift */,
				CE501F102A938B1600F705C1 /* NetworkService.swift */,
				CE501F0E2A938B0400F705C1 /* NetworkEndpoint.swift */,
			);
			path = Network;
			sourceTree = "<group>";
		};
		CE501F142A93AC7F00F705C1 /* CharacterModule */ = {
			isa = PBXGroup;
			children = (
				CE501EE52A93670900F705C1 /* CharactersViewController.swift */,
				CE501F152A93AC8900F705C1 /* Views */,
			);
			path = CharacterModule;
			sourceTree = "<group>";
		};
		CE501F152A93AC8900F705C1 /* Views */ = {
			isa = PBXGroup;
			children = (
				CE501EF72A9370B500F705C1 /* CharactersView.swift */,
				CE501EF92A93714F00F705C1 /* CharacterCardViewCell.swift */,
			);
			path = Views;
			sourceTree = "<group>";
		};
		CE501F162A93B03B00F705C1 /* CharacterDetailsModule */ = {
			isa = PBXGroup;
			children = (
				CE501F1B2A93B17600F705C1 /* Views */,
				CE501F192A93B09200F705C1 /* CharacterDetailsViewController.swift */,
			);
			path = CharacterDetailsModule;
			sourceTree = "<group>";
		};
		CE501F1B2A93B17600F705C1 /* Views */ = {
			isa = PBXGroup;
			children = (
				CE501F172A93B08300F705C1 /* CharacterDetailsView.swift */,
				CEDB3FD42A93D31700338AE3 /* Cells */,
			);
			path = Views;
			sourceTree = "<group>";
		};
		CE501F242A93B7BB00F705C1 /* CustomUIElements */ = {
			isa = PBXGroup;
			children = (
				CE501F062A9383FB00F705C1 /* CustomNavigationController.swift */,
				CE501F252A93B7CD00F705C1 /* TwoLabelsView.swift */,
			);
			path = CustomUIElements;
			sourceTree = "<group>";
		};
		CEDB3FD42A93D31700338AE3 /* Cells */ = {
			isa = PBXGroup;
			children = (
				CE501F1C2A93B3E700F705C1 /* MainDetailsViewCell.swift */,
				CE501F1E2A93B3F600F705C1 /* InfoDetailsViewCell.swift */,
				CE501F202A93B40600F705C1 /* OriginDetailsViewCell.swift */,
				CE501F222A93B41400F705C1 /* EpisodesDetailsViewCell.swift */,
				CEDB3FD52A93D7B200338AE3 /* SectionHeader.swift */,
			);
			path = Cells;
			sourceTree = "<group>";
		};
		CEDB3FD92A94082700338AE3 /* Helpers */ = {
			isa = PBXGroup;
			children = (
				CEDB3FD72A9407EB00338AE3 /* ImageManager.swift */,
			);
			path = Helpers;
			sourceTree = "<group>";
		};
		CEDB3FDE2A940B2C00338AE3 /* Requests */ = {
			isa = PBXGroup;
			children = (
				CE501F122A939AD600F705C1 /* GetAllCharactersRequest.swift */,
			);
			path = Requests;
			sourceTree = "<group>";
		};
/* End PBXGroup section */

/* Begin PBXNativeTarget section */
		CE501EDD2A93670900F705C1 /* R&M_TestTask */ = {
			isa = PBXNativeTarget;
			buildConfigurationList = CE501EF22A93671000F705C1 /* Build configuration list for PBXNativeTarget "R&M_TestTask" */;
			buildPhases = (
				CE501EDA2A93670900F705C1 /* Sources */,
				CE501EDB2A93670900F705C1 /* Frameworks */,
				CE501EDC2A93670900F705C1 /* Resources */,
				CE501EF52A9368CF00F705C1 /* SwiftLint */,
				CE501EF62A9368E500F705C1 /* SwiftFormat */,
			);
			buildRules = (
			);
			dependencies = (
			);
			name = "R&M_TestTask";
			productName = "R&M_TestTask";
			productReference = CE501EDE2A93670900F705C1 /* R&M_TestTask.app */;
			productType = "com.apple.product-type.application";
		};
/* End PBXNativeTarget section */

/* Begin PBXProject section */
		CE501ED62A93670900F705C1 /* Project object */ = {
			isa = PBXProject;
			attributes = {
				BuildIndependentTargetsInParallel = 1;
				LastSwiftUpdateCheck = 1430;
				LastUpgradeCheck = 1430;
				TargetAttributes = {
					CE501EDD2A93670900F705C1 = {
						CreatedOnToolsVersion = 14.3;
					};
				};
			};
			buildConfigurationList = CE501ED92A93670900F705C1 /* Build configuration list for PBXProject "R&M_TestTask" */;
			compatibilityVersion = "Xcode 14.0";
			developmentRegion = en;
			hasScannedForEncodings = 0;
			knownRegions = (
				en,
				Base,
			);
			mainGroup = CE501ED52A93670900F705C1;
			productRefGroup = CE501EDF2A93670900F705C1 /* Products */;
			projectDirPath = "";
			projectRoot = "";
			targets = (
				CE501EDD2A93670900F705C1 /* R&M_TestTask */,
			);
		};
/* End PBXProject section */

/* Begin PBXResourcesBuildPhase section */
		CE501EDC2A93670900F705C1 /* Resources */ = {
			isa = PBXResourcesBuildPhase;
			buildActionMask = 2147483647;
			files = (
				CE501EFE2A9372B200F705C1 /* Colors.xcassets in Resources */,
				CE501EEE2A93671000F705C1 /* LaunchScreen.storyboard in Resources */,
				CE501EEB2A93671000F705C1 /* Assets.xcassets in Resources */,
			);
			runOnlyForDeploymentPostprocessing = 0;
		};
/* End PBXResourcesBuildPhase section */

/* Begin PBXShellScriptBuildPhase section */
		CE501EF52A9368CF00F705C1 /* SwiftLint */ = {
			isa = PBXShellScriptBuildPhase;
			alwaysOutOfDate = 1;
			buildActionMask = 2147483647;
			files = (
			);
			inputFileListPaths = (
			);
			inputPaths = (
			);
			name = SwiftLint;
			outputFileListPaths = (
			);
			outputPaths = (
			);
			runOnlyForDeploymentPostprocessing = 0;
			shellPath = /bin/sh;
			shellScript = "export PATH=\"$PATH:/opt/homebrew/bin\"\nif which swiftlint > /dev/null; then\n  swiftlint\nelse\n  echo \"warning: SwiftLint not installed, download from https://github.com/realm/SwiftLint\"\nfi\n";
		};
		CE501EF62A9368E500F705C1 /* SwiftFormat */ = {
			isa = PBXShellScriptBuildPhase;
			alwaysOutOfDate = 1;
			buildActionMask = 2147483647;
			files = (
			);
			inputFileListPaths = (
			);
			inputPaths = (
			);
			name = SwiftFormat;
			outputFileListPaths = (
			);
			outputPaths = (
			);
			runOnlyForDeploymentPostprocessing = 0;
			shellPath = /bin/sh;
			shellScript = "if which swiftformat >/dev/null; then\n  swiftformat .\nelse\n  echo \"warning: SwiftFormat not installed, download from https://github.com/nicklockwood/SwiftFormat\"\nfi\n\n";
		};
/* End PBXShellScriptBuildPhase section */

/* Begin PBXSourcesBuildPhase section */
		CE501EDA2A93670900F705C1 /* Sources */ = {
			isa = PBXSourcesBuildPhase;
			buildActionMask = 2147483647;
			files = (
				CE501EE62A93670900F705C1 /* CharactersViewController.swift in Sources */,
				CEDB3FDB2A9408A600338AE3 /* MainDetailsViewCellModel.swift in Sources */,
				CE501F0A2A93898500F705C1 /* CharacterModel.swift in Sources */,
				CE501F1A2A93B09200F705C1 /* CharacterDetailsViewController.swift in Sources */,
				CEDB3FDD2A940B0B00338AE3 /* CharacterCardViewCellModel.swift in Sources */,
				CEDB3FE22A940E8900338AE3 /* EpisodeModel.swift in Sources */,
				CE501F032A93735900F705C1 /* UICollectionView+Extension.swift in Sources */,
				CE501F182A93B08300F705C1 /* CharacterDetailsView.swift in Sources */,
				CE501F262A93B7CD00F705C1 /* TwoLabelsView.swift in Sources */,
				CE501F132A939AD600F705C1 /* GetAllCharactersRequest.swift in Sources */,
				CEDB3FE02A940E6F00338AE3 /* OriginModel.swift in Sources */,
				CE501F072A9383FB00F705C1 /* CustomNavigationController.swift in Sources */,
				CE501EE22A93670900F705C1 /* AppDelegate.swift in Sources */,
				CEDB3FD82A9407EB00338AE3 /* ImageManager.swift in Sources */,
				CE501EFA2A93714F00F705C1 /* CharacterCardViewCell.swift in Sources */,
				CE501F0F2A938B0400F705C1 /* NetworkEndpoint.swift in Sources */,
				CE501F1D2A93B3E700F705C1 /* MainDetailsViewCell.swift in Sources */,
				CE501F0D2A938AEE00F705C1 /* NetworkRequest.swift in Sources */,
				CE501F112A938B1600F705C1 /* NetworkService.swift in Sources */,
				CE501F1F2A93B3F600F705C1 /* InfoDetailsViewCell.swift in Sources */,
				CE501F012A9372FD00F705C1 /* UIColor+Extension.swift in Sources */,
				CE501F212A93B40600F705C1 /* OriginDetailsViewCell.swift in Sources */,
				CEDB3FD62A93D7B200338AE3 /* SectionHeader.swift in Sources */,
				CE501F232A93B41400F705C1 /* EpisodesDetailsViewCell.swift in Sources */,
				CE501EFC2A93723F00F705C1 /* UIFont+Extension.swift in Sources */,
				CE501EF82A9370B500F705C1 /* CharactersView.swift in Sources */,
			);
			runOnlyForDeploymentPostprocessing = 0;
		};
/* End PBXSourcesBuildPhase section */

/* Begin PBXVariantGroup section */
		CE501EEC2A93671000F705C1 /* LaunchScreen.storyboard */ = {
			isa = PBXVariantGroup;
			children = (
				CE501EED2A93671000F705C1 /* Base */,
			);
			name = LaunchScreen.storyboard;
			sourceTree = "<group>";
		};
/* End PBXVariantGroup section */

/* Begin XCBuildConfiguration section */
		CE501EF02A93671000F705C1 /* Debug */ = {
			isa = XCBuildConfiguration;
			buildSettings = {
				ALWAYS_SEARCH_USER_PATHS = NO;
				CLANG_ANALYZER_NONNULL = YES;
				CLANG_ANALYZER_NUMBER_OBJECT_CONVERSION = YES_AGGRESSIVE;
				CLANG_CXX_LANGUAGE_STANDARD = "gnu++20";
				CLANG_ENABLE_MODULES = YES;
				CLANG_ENABLE_OBJC_ARC = YES;
				CLANG_ENABLE_OBJC_WEAK = YES;
				CLANG_WARN_BLOCK_CAPTURE_AUTORELEASING = YES;
				CLANG_WARN_BOOL_CONVERSION = YES;
				CLANG_WARN_COMMA = YES;
				CLANG_WARN_CONSTANT_CONVERSION = YES;
				CLANG_WARN_DEPRECATED_OBJC_IMPLEMENTATIONS = YES;
				CLANG_WARN_DIRECT_OBJC_ISA_USAGE = YES_ERROR;
				CLANG_WARN_DOCUMENTATION_COMMENTS = YES;
				CLANG_WARN_EMPTY_BODY = YES;
				CLANG_WARN_ENUM_CONVERSION = YES;
				CLANG_WARN_INFINITE_RECURSION = YES;
				CLANG_WARN_INT_CONVERSION = YES;
				CLANG_WARN_NON_LITERAL_NULL_CONVERSION = YES;
				CLANG_WARN_OBJC_IMPLICIT_RETAIN_SELF = YES;
				CLANG_WARN_OBJC_LITERAL_CONVERSION = YES;
				CLANG_WARN_OBJC_ROOT_CLASS = YES_ERROR;
				CLANG_WARN_QUOTED_INCLUDE_IN_FRAMEWORK_HEADER = YES;
				CLANG_WARN_RANGE_LOOP_ANALYSIS = YES;
				CLANG_WARN_STRICT_PROTOTYPES = YES;
				CLANG_WARN_SUSPICIOUS_MOVE = YES;
				CLANG_WARN_UNGUARDED_AVAILABILITY = YES_AGGRESSIVE;
				CLANG_WARN_UNREACHABLE_CODE = YES;
				CLANG_WARN__DUPLICATE_METHOD_MATCH = YES;
				COPY_PHASE_STRIP = NO;
				DEBUG_INFORMATION_FORMAT = dwarf;
				ENABLE_STRICT_OBJC_MSGSEND = YES;
				ENABLE_TESTABILITY = YES;
				GCC_C_LANGUAGE_STANDARD = gnu11;
				GCC_DYNAMIC_NO_PIC = NO;
				GCC_NO_COMMON_BLOCKS = YES;
				GCC_OPTIMIZATION_LEVEL = 0;
				GCC_PREPROCESSOR_DEFINITIONS = (
					"DEBUG=1",
					"$(inherited)",
				);
				GCC_WARN_64_TO_32_BIT_CONVERSION = YES;
				GCC_WARN_ABOUT_RETURN_TYPE = YES_ERROR;
				GCC_WARN_UNDECLARED_SELECTOR = YES;
				GCC_WARN_UNINITIALIZED_AUTOS = YES_AGGRESSIVE;
				GCC_WARN_UNUSED_FUNCTION = YES;
				GCC_WARN_UNUSED_VARIABLE = YES;
				IPHONEOS_DEPLOYMENT_TARGET = 16.4;
				MTL_ENABLE_DEBUG_INFO = INCLUDE_SOURCE;
				MTL_FAST_MATH = YES;
				ONLY_ACTIVE_ARCH = YES;
				SDKROOT = iphoneos;
				SWIFT_ACTIVE_COMPILATION_CONDITIONS = DEBUG;
				SWIFT_OPTIMIZATION_LEVEL = "-Onone";
			};
			name = Debug;
		};
		CE501EF12A93671000F705C1 /* Release */ = {
			isa = XCBuildConfiguration;
			buildSettings = {
				ALWAYS_SEARCH_USER_PATHS = NO;
				CLANG_ANALYZER_NONNULL = YES;
				CLANG_ANALYZER_NUMBER_OBJECT_CONVERSION = YES_AGGRESSIVE;
				CLANG_CXX_LANGUAGE_STANDARD = "gnu++20";
				CLANG_ENABLE_MODULES = YES;
				CLANG_ENABLE_OBJC_ARC = YES;
				CLANG_ENABLE_OBJC_WEAK = YES;
				CLANG_WARN_BLOCK_CAPTURE_AUTORELEASING = YES;
				CLANG_WARN_BOOL_CONVERSION = YES;
				CLANG_WARN_COMMA = YES;
				CLANG_WARN_CONSTANT_CONVERSION = YES;
				CLANG_WARN_DEPRECATED_OBJC_IMPLEMENTATIONS = YES;
				CLANG_WARN_DIRECT_OBJC_ISA_USAGE = YES_ERROR;
				CLANG_WARN_DOCUMENTATION_COMMENTS = YES;
				CLANG_WARN_EMPTY_BODY = YES;
				CLANG_WARN_ENUM_CONVERSION = YES;
				CLANG_WARN_INFINITE_RECURSION = YES;
				CLANG_WARN_INT_CONVERSION = YES;
				CLANG_WARN_NON_LITERAL_NULL_CONVERSION = YES;
				CLANG_WARN_OBJC_IMPLICIT_RETAIN_SELF = YES;
				CLANG_WARN_OBJC_LITERAL_CONVERSION = YES;
				CLANG_WARN_OBJC_ROOT_CLASS = YES_ERROR;
				CLANG_WARN_QUOTED_INCLUDE_IN_FRAMEWORK_HEADER = YES;
				CLANG_WARN_RANGE_LOOP_ANALYSIS = YES;
				CLANG_WARN_STRICT_PROTOTYPES = YES;
				CLANG_WARN_SUSPICIOUS_MOVE = YES;
				CLANG_WARN_UNGUARDED_AVAILABILITY = YES_AGGRESSIVE;
				CLANG_WARN_UNREACHABLE_CODE = YES;
				CLANG_WARN__DUPLICATE_METHOD_MATCH = YES;
				COPY_PHASE_STRIP = NO;
				DEBUG_INFORMATION_FORMAT = "dwarf-with-dsym";
				ENABLE_NS_ASSERTIONS = NO;
				ENABLE_STRICT_OBJC_MSGSEND = YES;
				GCC_C_LANGUAGE_STANDARD = gnu11;
				GCC_NO_COMMON_BLOCKS = YES;
				GCC_WARN_64_TO_32_BIT_CONVERSION = YES;
				GCC_WARN_ABOUT_RETURN_TYPE = YES_ERROR;
				GCC_WARN_UNDECLARED_SELECTOR = YES;
				GCC_WARN_UNINITIALIZED_AUTOS = YES_AGGRESSIVE;
				GCC_WARN_UNUSED_FUNCTION = YES;
				GCC_WARN_UNUSED_VARIABLE = YES;
				IPHONEOS_DEPLOYMENT_TARGET = 16.4;
				MTL_ENABLE_DEBUG_INFO = NO;
				MTL_FAST_MATH = YES;
				SDKROOT = iphoneos;
				SWIFT_COMPILATION_MODE = wholemodule;
				SWIFT_OPTIMIZATION_LEVEL = "-O";
				VALIDATE_PRODUCT = YES;
			};
			name = Release;
		};
		CE501EF32A93671000F705C1 /* Debug */ = {
			isa = XCBuildConfiguration;
			buildSettings = {
				ASSETCATALOG_COMPILER_APPICON_NAME = AppIcon;
				ASSETCATALOG_COMPILER_GLOBAL_ACCENT_COLOR_NAME = AccentColor;
				CODE_SIGN_STYLE = Automatic;
				CURRENT_PROJECT_VERSION = 1;
				DEVELOPMENT_TEAM = B7MDH9MJ6R;
				GENERATE_INFOPLIST_FILE = YES;
				INFOPLIST_FILE = "R&M_TestTask/Info.plist";
				INFOPLIST_KEY_UIApplicationSupportsIndirectInputEvents = YES;
				INFOPLIST_KEY_UILaunchStoryboardName = LaunchScreen;
				INFOPLIST_KEY_UIStatusBarStyle = UIStatusBarStyleLightContent;
				INFOPLIST_KEY_UISupportedInterfaceOrientations = UIInterfaceOrientationPortrait;
				IPHONEOS_DEPLOYMENT_TARGET = 16.0;
				LD_RUNPATH_SEARCH_PATHS = (
					"$(inherited)",
					"@executable_path/Frameworks",
				);
				MARKETING_VERSION = 1.0;
				PRODUCT_BUNDLE_IDENTIFIER = "com.zlataguseva.R-M-TestTask";
				PRODUCT_NAME = "$(TARGET_NAME)";
				SUPPORTED_PLATFORMS = "iphoneos iphonesimulator";
				SUPPORTS_MACCATALYST = NO;
				SUPPORTS_MAC_DESIGNED_FOR_IPHONE_IPAD = NO;
				SWIFT_EMIT_LOC_STRINGS = YES;
				SWIFT_VERSION = 5.0;
				TARGETED_DEVICE_FAMILY = 1;
			};
			name = Debug;
		};
		CE501EF42A93671000F705C1 /* Release */ = {
			isa = XCBuildConfiguration;
			buildSettings = {
				ASSETCATALOG_COMPILER_APPICON_NAME = AppIcon;
				ASSETCATALOG_COMPILER_GLOBAL_ACCENT_COLOR_NAME = AccentColor;
				CODE_SIGN_STYLE = Automatic;
				CURRENT_PROJECT_VERSION = 1;
				DEVELOPMENT_TEAM = B7MDH9MJ6R;
				GENERATE_INFOPLIST_FILE = YES;
				INFOPLIST_FILE = "R&M_TestTask/Info.plist";
				INFOPLIST_KEY_UIApplicationSupportsIndirectInputEvents = YES;
				INFOPLIST_KEY_UILaunchStoryboardName = LaunchScreen;
				INFOPLIST_KEY_UIStatusBarStyle = UIStatusBarStyleLightContent;
				INFOPLIST_KEY_UISupportedInterfaceOrientations = UIInterfaceOrientationPortrait;
				IPHONEOS_DEPLOYMENT_TARGET = 16.0;
				LD_RUNPATH_SEARCH_PATHS = (
					"$(inherited)",
					"@executable_path/Frameworks",
				);
				MARKETING_VERSION = 1.0;
				PRODUCT_BUNDLE_IDENTIFIER = "com.zlataguseva.R-M-TestTask";
				PRODUCT_NAME = "$(TARGET_NAME)";
				SUPPORTED_PLATFORMS = "iphoneos iphonesimulator";
				SUPPORTS_MACCATALYST = NO;
				SUPPORTS_MAC_DESIGNED_FOR_IPHONE_IPAD = NO;
				SWIFT_EMIT_LOC_STRINGS = YES;
				SWIFT_VERSION = 5.0;
				TARGETED_DEVICE_FAMILY = 1;
			};
			name = Release;
		};
/* End XCBuildConfiguration section */

/* Begin XCConfigurationList section */
		CE501ED92A93670900F705C1 /* Build configuration list for PBXProject "R&M_TestTask" */ = {
			isa = XCConfigurationList;
			buildConfigurations = (
				CE501EF02A93671000F705C1 /* Debug */,
				CE501EF12A93671000F705C1 /* Release */,
			);
			defaultConfigurationIsVisible = 0;
			defaultConfigurationName = Release;
		};
		CE501EF22A93671000F705C1 /* Build configuration list for PBXNativeTarget "R&M_TestTask" */ = {
			isa = XCConfigurationList;
			buildConfigurations = (
				CE501EF32A93671000F705C1 /* Debug */,
				CE501EF42A93671000F705C1 /* Release */,
			);
			defaultConfigurationIsVisible = 0;
			defaultConfigurationName = Release;
		};
/* End XCConfigurationList section */
	};
	rootObject = CE501ED62A93670900F705C1 /* Project object */;
}
